
Microsoft Visual Studio Solution File, Format Version 12.00
# Visual Studio Version 17
VisualStudioVersion = 17.11.35208.52
MinimumVisualStudioVersion = 10.0.40219.1
Project("{8BC9CEB8-8B4A-11D0-8D11-00A0C91BC942}") = "Project_STL_Library1", "Project_STL_Library1.vcxproj", "{B245D610-4175-40D4-BCAA-A0DA801F0A8D}"
EndProject
Global
	GlobalSection(SolutionConfigurationPlatforms) = preSolution
		Debug|x64 = Debug|x64
		Debug|x86 = Debug|x86
		Release|x64 = Release|x64
		Release|x86 = Release|x86
	EndGlobalSection
	GlobalSection(ProjectConfigurationPlatforms) = postSolution
		{B245D610-4175-40D4-BCAA-A0DA801F0A8D}.Debug|x64.ActiveCfg = Debug|x64
		{B245D610-4175-40D4-BCAA-A0DA801F0A8D}.Debug|x64.Build.0 = Debug|x64
		{B245D610-4175-40D4-BCAA-A0DA801F0A8D}.Debug|x86.ActiveCfg = Debug|Win32
		{B245D610-4175-40D4-BCAA-A0DA801F0A8D}.Debug|x86.Build.0 = Debug|Win32
		{B245D610-4175-40D4-BCAA-A0DA801F0A8D}.Release|x64.ActiveCfg = Release|x64
		{B245D610-4175-40D4-BCAA-A0DA801F0A8D}.Release|x64.Build.0 = Release|x64
		{B245D610-4175-40D4-BCAA-A0DA801F0A8D}.Release|x86.ActiveCfg = Release|Win32
		{B245D610-4175-40D4-BCAA-A0DA801F0A8D}.Release|x86.Build.0 = Release|Win32
	EndGlobalSection
	GlobalSection(SolutionProperties) = preSolution
		HideSolutionNode = FALSE
	EndGlobalSection
	GlobalSection(ExtensibilityGlobals) = postSolution
		SolutionGuid = {99092268-6F94-4D95-A841-49C1E3B184B5}
	EndGlobalSection
EndGlobal
